
Microsoft Visual Studio Solution File, Format Version 12.00
# Visual Studio Version 17
VisualStudioVersion = 17.5.33516.290
MinimumVisualStudioVersion = 10.0.40219.1
Project("{FAE04EC0-301F-11D3-BF4B-00C04F79EFBC}") = "Sistema Autonomo", "Sistema Autonomo\Sistema Autonomo.csproj", "{ACABFEF5-B3B9-4415-80D2-3BD793E093F1}"
EndProject
Global
	GlobalSection(SolutionConfigurationPlatforms) = preSolution
		Debug|Any CPU = Debug|Any CPU
		Release|Any CPU = Release|Any CPU
	EndGlobalSection
	GlobalSection(ProjectConfigurationPlatforms) = postSolution
		{ACABFEF5-B3B9-4415-80D2-3BD793E093F1}.Debug|Any CPU.ActiveCfg = Debug|Any CPU
		{ACABFEF5-B3B9-4415-80D2-3BD793E093F1}.Debug|Any CPU.Build.0 = Debug|Any CPU
		{ACABFEF5-B3B9-4415-80D2-3BD793E093F1}.Release|Any CPU.ActiveCfg = Release|Any CPU
		{ACABFEF5-B3B9-4415-80D2-3BD793E093F1}.Release|Any CPU.Build.0 = Release|Any CPU
	EndGlobalSection
	GlobalSection(SolutionProperties) = preSolution
		HideSolutionNode = FALSE
	EndGlobalSection
	GlobalSection(ExtensibilityGlobals) = postSolution
		SolutionGuid = {DB2EF6EB-892A-4261-A4AD-A7008D38F9F1}
	EndGlobalSection
EndGlobal
